version = 1
revision = 3
requires-python = ">=3.13"

[[package]]
name = "protobuf"
version = "6.33.4"
source = { registry = "https://pypi.org/simple" }
sdist = { url = "https://files.pythonhosted.org/packages/53/b8/cda15d9d46d03d4aa3a67cb6bffe05173440ccf86a9541afaf7ac59a1b6b/protobuf-6.33.4.tar.gz", hash = "sha256:dc2e61bca3b10470c1912d166fe0af67bfc20eb55971dcef8dfa48ce14f0ed91", size = 444346, upload-time = "2026-01-12T18:33:40.109Z" }
wheels = [
    { url = "https://files.pythonhosted.org/packages/e0/be/24ef9f3095bacdf95b458543334d0c4908ccdaee5130420bf064492c325f/protobuf-6.33.4-cp310-abi3-win32.whl", hash = "sha256:918966612c8232fc6c24c78e1cd89784307f5814ad7506c308ee3cf86662850d", size = 425612, upload-time = "2026-01-12T18:33:29.656Z" },
    { url = "https://files.pythonhosted.org/packages/31/ad/e5693e1974a28869e7cd244302911955c1cebc0161eb32dfa2b25b6e96f0/protobuf-6.33.4-cp310-abi3-win_amd64.whl", hash = "sha256:8f11ffae31ec67fc2554c2ef891dcb561dae9a2a3ed941f9e134c2db06657dbc", size = 436962, upload-time = "2026-01-12T18:33:31.345Z" },
    { url = "https://files.pythonhosted.org/packages/66/15/6ee23553b6bfd82670207ead921f4d8ef14c107e5e11443b04caeb5ab5ec/protobuf-6.33.4-cp39-abi3-macosx_10_9_universal2.whl", hash = "sha256:2fe67f6c014c84f655ee06f6f66213f9254b3a8b6bda6cda0ccd4232c73c06f0", size = 427612, upload-time = "2026-01-12T18:33:32.646Z" },
    { url = "https://files.pythonhosted.org/packages/2b/48/d301907ce6d0db75f959ca74f44b475a9caa8fcba102d098d3c3dd0f2d3f/protobuf-6.33.4-cp39-abi3-manylinux2014_aarch64.whl", hash = "sha256:757c978f82e74d75cba88eddec479df9b99a42b31193313b75e492c06a51764e", size = 324484, upload-time = "2026-01-12T18:33:33.789Z" },
    { url = "https://files.pythonhosted.org/packages/92/1c/e53078d3f7fe710572ab2dcffd993e1e3b438ae71cfc031b71bae44fcb2d/protobuf-6.33.4-cp39-abi3-manylinux2014_s390x.whl", hash = "sha256:c7c64f259c618f0bef7bee042075e390debbf9682334be2b67408ec7c1c09ee6", size = 339256, upload-time = "2026-01-12T18:33:35.231Z" },
    { url = "https://files.pythonhosted.org/packages/e8/8e/971c0edd084914f7ee7c23aa70ba89e8903918adca179319ee94403701d5/protobuf-6.33.4-cp39-abi3-manylinux2014_x86_64.whl", hash = "sha256:3df850c2f8db9934de4cf8f9152f8dc2558f49f298f37f90c517e8e5c84c30e9", size = 323311, upload-time = "2026-01-12T18:33:36.305Z" },
    { url = "https://files.pythonhosted.org/packages/75/b1/1dc83c2c661b4c62d56cc081706ee33a4fc2835bd90f965baa2663ef7676/protobuf-6.33.4-py3-none-any.whl", hash = "sha256:1fe3730068fcf2e595816a6c34fe66eeedd37d51d0400b72fabc848811fdc1bc", size = 170532, upload-time = "2026-01-12T18:33:39.199Z" },
]

[[package]]
name = "qasimodo-specs"
version = "0.0.9"
source = { editable = "." }
dependencies = [
    { name = "protobuf" },
]

[package.metadata]
requires-dist = [{ name = "protobuf", specifier = ">=5.29.2" }]
